
Microsoft Visual Studio Solution File, Format Version 12.00
# Visual Studio Version 17
VisualStudioVersion = 17.3.32819.101
MinimumVisualStudioVersion = 10.0.40219.1
Project("{FAE04EC0-301F-11D3-BF4B-00C04F79EFBC}") = "Employee Rate_Check", "Employee Rate_Check\Employee Rate_Check.csproj", "{CD2151A9-13F7-4890-9ACD-A442E033C1A7}"
EndProject
Global
	GlobalSection(SolutionConfigurationPlatforms) = preSolution
		Debug|Any CPU = Debug|Any CPU
		Release|Any CPU = Release|Any CPU
	EndGlobalSection
	GlobalSection(ProjectConfigurationPlatforms) = postSolution
		{CD2151A9-13F7-4890-9ACD-A442E033C1A7}.Debug|Any CPU.ActiveCfg = Debug|Any CPU
		{CD2151A9-13F7-4890-9ACD-A442E033C1A7}.Debug|Any CPU.Build.0 = Debug|Any CPU
		{CD2151A9-13F7-4890-9ACD-A442E033C1A7}.Release|Any CPU.ActiveCfg = Release|Any CPU
		{CD2151A9-13F7-4890-9ACD-A442E033C1A7}.Release|Any CPU.Build.0 = Release|Any CPU
	EndGlobalSection
	GlobalSection(SolutionProperties) = preSolution
		HideSolutionNode = FALSE
	EndGlobalSection
	GlobalSection(ExtensibilityGlobals) = postSolution
		SolutionGuid = {2D0CA70D-809B-48DF-B477-18CA6AB45014}
	EndGlobalSection
EndGlobal
